{
  "name": "bench",
  "lockfileVersion": 3,
  "requires": true,
  "packages": {
    "": {
      "dependencies": {
        "@enhance/enhance-style-transform": "^0.1.2",
        "@enhance/import-transform": "^4.0.1",
        "tinybench": "^2.6.0"
      }
    },
    "node_modules/@architect/functions": {
      "version": "8.1.0",
      "resolved": "https://registry.npmjs.org/@architect/functions/-/functions-8.1.0.tgz",
      "integrity": "sha512-7Jb/1TGudNOREQvLPTYpfx1RTPn5z++0CZRG6kCtASxVl2EI9WnLUS0bWdRucWAegMEi52hADZFmfNkQYKd+3g==",
      "dependencies": {
        "@aws-lite/apigatewaymanagementapi": "^0.0.8",
        "@aws-lite/client": "^0.20.0",
        "@aws-lite/dynamodb": "^0.3.4",
        "@aws-lite/sns": "^0.0.6",
        "@aws-lite/sqs": "^0.2.2",
        "@aws-lite/ssm": "^0.2.3",
        "cookie": "^0.6.0",
        "cookie-signature": "^1.2.1",
        "csrf": "^3.1.0",
        "node-webtokens": "^1.0.4",
        "run-parallel": "^1.2.0",
        "run-waterfall": "^1.1.7",
        "uid-safe": "^2.1.5"
      },
      "engines": {
        "node": ">=14"
      }
    },
    "node_modules/@aws-lite/apigatewaymanagementapi": {
      "version": "0.0.8",
      "resolved": "https://registry.npmjs.org/@aws-lite/apigatewaymanagementapi/-/apigatewaymanagementapi-0.0.8.tgz",
      "integrity": "sha512-uAb9G/XlmhvUAFT9iZukqXP6rGAQTOVIcG/3h8nB9E9Y/S0nzIqpszrhMnan+qT7hpCOe3Lz8OLcKsyopgD7wg==",
      "engines": {
        "node": ">=16"
      }
    },
    "node_modules/@aws-lite/client": {
      "version": "0.20.0",
      "resolved": "https://registry.npmjs.org/@aws-lite/client/-/client-0.20.0.tgz",
      "integrity": "sha512-Jx+oCi8oWlHra93OKhf9cNZm5FaCsGzdjf5mHwViccOfs62tTXOIhbTQZ44PXCQZqRdTdlVozExAN2qZ7o3oBw==",
      "workspaces": [
        "plugins/apigateway",
        "plugins/apigatewaymanagementapi",
        "plugins/apigatewayv2",
        "plugins/cloudformation",
        "plugins/cloudfront",
        "plugins/cloudwatch-logs",
        "plugins/dynamodb",
        "plugins/lambda",
        "plugins/rds-data",
        "plugins/s3",
        "plugins/sns",
        "plugins/sqs",
        "plugins/ssm"
      ],
      "dependencies": {
        "aws4": "^1.12.0",
        "ini": "^4.1.2"
      },
      "engines": {
        "node": ">=16"
      }
    },
    "node_modules/@aws-lite/dynamodb": {
      "version": "0.3.4",
      "resolved": "https://registry.npmjs.org/@aws-lite/dynamodb/-/dynamodb-0.3.4.tgz",
      "integrity": "sha512-G+1jSGtRNE6Z5A1YFaqBeRHkF666EndAGc2/hiCYj+YvaBGwBZqeCL8azwRSsnkAPHGGvk07CthQxOwvPK/QJw==",
      "engines": {
        "node": ">=16"
      }
    },
    "node_modules/@aws-lite/sns": {
      "version": "0.0.6",
      "resolved": "https://registry.npmjs.org/@aws-lite/sns/-/sns-0.0.6.tgz",
      "integrity": "sha512-TWApAplmlO15vQzq3GX6X9FMki6c1x6bq0X2PWgq5tiwVEFhNuuxs463uTEHoDmd7gGBgE0l8WhUgS6FPDOHfA==",
      "engines": {
        "node": ">=16"
      }
    },
    "node_modules/@aws-lite/sqs": {
      "version": "0.2.2",
      "resolved": "https://registry.npmjs.org/@aws-lite/sqs/-/sqs-0.2.2.tgz",
      "integrity": "sha512-GciHF5z1z8vW7kODjZI4ZsInClXRfLu7S6uB+keAcHezOKAMeJ8hHwGipV4ZV6p1xb3L8YkScLQOqZH032uvuQ==",
      "engines": {
        "node": ">=16"
      }
    },
    "node_modules/@aws-lite/ssm": {
      "version": "0.2.3",
      "resolved": "https://registry.npmjs.org/@aws-lite/ssm/-/ssm-0.2.3.tgz",
      "integrity": "sha512-pywo0EBU6LnLWicXHlWX7dSz3odJN7hK3pgtudSs5XFGONrcVKy4k0Zc+x85fixIf3/ZZAdB66ctT3D5li3Xpw==",
      "engines": {
        "node": ">=16"
      }
    },
    "node_modules/@enhance/css-parser": {
      "version": "1.0.0",
      "resolved": "https://registry.npmjs.org/@enhance/css-parser/-/css-parser-1.0.0.tgz",
      "integrity": "sha512-DG18Jwxvf0WvUtA8VEA+axaIq0aoJzGTd25kdeLDPQcNnq3bWG+TUMPi8oa4btVXwHVyCR7Xsy0jW80m1ZwPow==",
      "dependencies": {
        "inherits": "^2.0.4",
        "source-map": "^0.6.1",
        "source-map-resolve": "^0.6.0"
      }
    },
    "node_modules/@enhance/enhance-style-transform": {
      "version": "0.1.2",
      "resolved": "https://registry.npmjs.org/@enhance/enhance-style-transform/-/enhance-style-transform-0.1.2.tgz",
      "integrity": "sha512-Hx/c5PfJl4XYToZaKL0b3o54rq4JX5zKD6Z+Pz6BSygnX0xOOHdWriaXxFKDUl1X/VVVlJM3FWjYj93/a7WSPg==",
      "dependencies": {
        "@enhance/css-parser": "^1.0.0"
      }
    },
    "node_modules/@enhance/import-transform": {
      "version": "4.0.1",
      "resolved": "https://registry.npmjs.org/@enhance/import-transform/-/import-transform-4.0.1.tgz",
      "integrity": "sha512-09/9Y6gp3CzaB82822ekwRe5Xtzhh07m2Gjb+1xLu+CMGo3ltjSYjqYr5Twbq9tGGn5elS3rt5/7CJ240K2ylA==",
      "dependencies": {
        "@architect/functions": "^8.0.4"
      },
      "engines": {
        "node": ">=14.0.0"
      }
    },
    "node_modules/atob": {
      "version": "2.1.2",
      "resolved": "https://registry.npmjs.org/atob/-/atob-2.1.2.tgz",
      "integrity": "sha512-Wm6ukoaOGJi/73p/cl2GvLjTI5JM1k/O14isD73YML8StrH/7/lRFgmg8nICZgD3bZZvjwCGxtMOD3wWNAu8cg==",
      "bin": {
        "atob": "bin/atob.js"
      },
      "engines": {
        "node": ">= 4.5.0"
      }
    },
    "node_modules/aws4": {
      "version": "1.12.0",
      "resolved": "https://registry.npmjs.org/aws4/-/aws4-1.12.0.tgz",
      "integrity": "sha512-NmWvPnx0F1SfrQbYwOi7OeaNGokp9XhzNioJ/CSBs8Qa4vxug81mhJEAVZwxXuBmYB5KDRfMq/F3RR0BIU7sWg=="
    },
    "node_modules/cookie": {
      "version": "0.6.0",
      "resolved": "https://registry.npmjs.org/cookie/-/cookie-0.6.0.tgz",
      "integrity": "sha512-U71cyTamuh1CRNCfpGY6to28lxvNwPG4Guz/EVjgf3Jmzv0vlDp1atT9eS5dDjMYHucpHbWns6Lwf3BKz6svdw==",
      "engines": {
        "node": ">= 0.6"
      }
    },
    "node_modules/cookie-signature": {
      "version": "1.2.1",
      "resolved": "https://registry.npmjs.org/cookie-signature/-/cookie-signature-1.2.1.tgz",
      "integrity": "sha512-78KWk9T26NhzXtuL26cIJ8/qNHANyJ/ZYrmEXFzUmhZdjpBv+DlWlOANRTGBt48YcyslsLrj0bMLFTmXvLRCOw==",
      "engines": {
        "node": ">=6.6.0"
      }
    },
    "node_modules/csrf": {
      "version": "3.1.0",
      "resolved": "https://registry.npmjs.org/csrf/-/csrf-3.1.0.tgz",
      "integrity": "sha512-uTqEnCvWRk042asU6JtapDTcJeeailFy4ydOQS28bj1hcLnYRiqi8SsD2jS412AY1I/4qdOwWZun774iqywf9w==",
      "dependencies": {
        "rndm": "1.2.0",
        "tsscmp": "1.0.6",
        "uid-safe": "2.1.5"
      },
      "engines": {
        "node": ">= 0.8"
      }
    },
    "node_modules/decode-uri-component": {
      "version": "0.2.2",
      "resolved": "https://registry.npmjs.org/decode-uri-component/-/decode-uri-component-0.2.2.tgz",
      "integrity": "sha512-FqUYQ+8o158GyGTrMFJms9qh3CqTKvAqgqsTnkLI8sKu0028orqBhxNMFkFen0zGyg6epACD32pjVk58ngIErQ==",
      "engines": {
        "node": ">=0.10"
      }
    },
    "node_modules/inherits": {
      "version": "2.0.4",
      "resolved": "https://registry.npmjs.org/inherits/-/inherits-2.0.4.tgz",
      "integrity": "sha512-k/vGaX4/Yla3WzyMCvTQOXYeIHvqOKtnqBduzTHpzpQZzAskKMhZ2K+EnBiSM9zGSoIFeMpXKxa4dYeZIQqewQ=="
    },
    "node_modules/ini": {
      "version": "4.1.2",
      "resolved": "https://registry.npmjs.org/ini/-/ini-4.1.2.tgz",
      "integrity": "sha512-AMB1mvwR1pyBFY/nSevUX6y8nJWS63/SzUKD3JyQn97s4xgIdgQPT75IRouIiBAN4yLQBUShNYVW0+UG25daCw==",
      "engines": {
        "node": "^14.17.0 || ^16.13.0 || >=18.0.0"
      }
    },
    "node_modules/node-webtokens": {
      "version": "1.0.4",
      "resolved": "https://registry.npmjs.org/node-webtokens/-/node-webtokens-1.0.4.tgz",
      "integrity": "sha512-Sla56CeSLWvPbwud2kogqf5edQtKNXZBtXDDpmOzAgNZjwETbK/Am6PXfs54iZPLBm8K8amZ9XWaCQwGqZmKyQ==",
      "engines": {
        "node": ">=6.6.0"
      }
    },
    "node_modules/queue-microtask": {
      "version": "1.2.3",
      "resolved": "https://registry.npmjs.org/queue-microtask/-/queue-microtask-1.2.3.tgz",
      "integrity": "sha512-NuaNSa6flKT5JaSYQzJok04JzTL1CA6aGhv5rfLW3PgqA+M2ChpZQnAC8h8i4ZFkBS8X5RqkDBHA7r4hej3K9A==",
      "funding": [
        {
          "type": "github",
          "url": "https://github.com/sponsors/feross"
        },
        {
          "type": "patreon",
          "url": "https://www.patreon.com/feross"
        },
        {
          "type": "consulting",
          "url": "https://feross.org/support"
        }
      ]
    },
    "node_modules/random-bytes": {
      "version": "1.0.0",
      "resolved": "https://registry.npmjs.org/random-bytes/-/random-bytes-1.0.0.tgz",
      "integrity": "sha512-iv7LhNVO047HzYR3InF6pUcUsPQiHTM1Qal51DcGSuZFBil1aBBWG5eHPNek7bvILMaYJ/8RU1e8w1AMdHmLQQ==",
      "engines": {
        "node": ">= 0.8"
      }
    },
    "node_modules/rndm": {
      "version": "1.2.0",
      "resolved": "https://registry.npmjs.org/rndm/-/rndm-1.2.0.tgz",
      "integrity": "sha512-fJhQQI5tLrQvYIYFpOnFinzv9dwmR7hRnUz1XqP3OJ1jIweTNOd6aTO4jwQSgcBSFUB+/KHJxuGneime+FdzOw=="
    },
    "node_modules/run-parallel": {
      "version": "1.2.0",
      "resolved": "https://registry.npmjs.org/run-parallel/-/run-parallel-1.2.0.tgz",
      "integrity": "sha512-5l4VyZR86LZ/lDxZTR6jqL8AFE2S0IFLMP26AbjsLVADxHdhB/c0GUsH+y39UfCi3dzz8OlQuPmnaJOMoDHQBA==",
      "funding": [
        {
          "type": "github",
          "url": "https://github.com/sponsors/feross"
        },
        {
          "type": "patreon",
          "url": "https://www.patreon.com/feross"
        },
        {
          "type": "consulting",
          "url": "https://feross.org/support"
        }
      ],
      "dependencies": {
        "queue-microtask": "^1.2.2"
      }
    },
    "node_modules/run-waterfall": {
      "version": "1.1.7",
      "resolved": "https://registry.npmjs.org/run-waterfall/-/run-waterfall-1.1.7.tgz",
      "integrity": "sha512-iFPgh7SatHXOG1ClcpdwHI63geV3Hc/iL6crGSyBlH2PY7Rm/za+zoKz6FfY/Qlw5K7JwSol8pseO8fN6CMhhQ==",
      "funding": [
        {
          "type": "github",
          "url": "https://github.com/sponsors/feross"
        },
        {
          "type": "patreon",
          "url": "https://www.patreon.com/feross"
        },
        {
          "type": "consulting",
          "url": "https://feross.org/support"
        }
      ]
    },
    "node_modules/source-map": {
      "version": "0.6.1",
      "resolved": "https://registry.npmjs.org/source-map/-/source-map-0.6.1.tgz",
      "integrity": "sha512-UjgapumWlbMhkBgzT7Ykc5YXUT46F0iKu8SGXq0bcwP5dz/h0Plj6enJqjz1Zbq2l5WaqYnrVbwWOWMyF3F47g==",
      "engines": {
        "node": ">=0.10.0"
      }
    },
    "node_modules/source-map-resolve": {
      "version": "0.6.0",
      "resolved": "https://registry.npmjs.org/source-map-resolve/-/source-map-resolve-0.6.0.tgz",
      "integrity": "sha512-KXBr9d/fO/bWo97NXsPIAW1bFSBOuCnjbNTBMO7N59hsv5i9yzRDfcYwwt0l04+VqnKC+EwzvJZIP/qkuMgR/w==",
      "deprecated": "See https://github.com/lydell/source-map-resolve#deprecated",
      "dependencies": {
        "atob": "^2.1.2",
        "decode-uri-component": "^0.2.0"
      }
    },
    "node_modules/tinybench": {
      "version": "2.6.0",
      "resolved": "https://registry.npmjs.org/tinybench/-/tinybench-2.6.0.tgz",
      "integrity": "sha512-N8hW3PG/3aOoZAN5V/NSAEDz0ZixDSSt5b/a05iqtpgfLWMSVuCo7w0k2vVvEjdrIoeGqZzweX2WlyioNIHchA=="
    },
    "node_modules/tsscmp": {
      "version": "1.0.6",
      "resolved": "https://registry.npmjs.org/tsscmp/-/tsscmp-1.0.6.tgz",
      "integrity": "sha512-LxhtAkPDTkVCMQjt2h6eBVY28KCjikZqZfMcC15YBeNjkgUpdCfBu5HoiOTDu86v6smE8yOjyEktJ8hlbANHQA==",
      "engines": {
        "node": ">=0.6.x"
      }
    },
    "node_modules/uid-safe": {
      "version": "2.1.5",
      "resolved": "https://registry.npmjs.org/uid-safe/-/uid-safe-2.1.5.tgz",
      "integrity": "sha512-KPHm4VL5dDXKz01UuEd88Df+KzynaohSL9fBh096KWAxSKZQDI2uBrVqtvRM4rwrIrRRKsdLNML/lnaaVSRioA==",
      "dependencies": {
        "random-bytes": "~1.0.0"
      },
      "engines": {
        "node": ">= 0.8"
      }
    }
  }
}
